
Microsoft Visual Studio Solution File, Format Version 12.00
# Visual Studio 15
Project("{FAE04EC0-301F-11D3-BF4B-00C04F79EFBC}") = "PlayFab", "PlayFab.csproj", "{117D13D2-EDC8-7A00-9F74-50564F65D476}"
EndProject
Project("{FAE04EC0-301F-11D3-BF4B-00C04F79EFBC}") = "Assembly-CSharp", "Assembly-CSharp.csproj", "{A19A917C-99E4-47B6-CAF4-675D8B5A843E}"
EndProject
Project("{FAE04EC0-301F-11D3-BF4B-00C04F79EFBC}") = "PhotonUnityNetworking.Demos", "PhotonUnityNetworking.Demos.csproj", "{39A32CAA-C38E-4D83-301E-7E0614B6168F}"
EndProject
Project("{FAE04EC0-301F-11D3-BF4B-00C04F79EFBC}") = "PhotonUnityNetworking.Utilities", "PhotonUnityNetworking.Utilities.csproj", "{0A91FF4B-CE88-4391-1F7E-8F14FCB8448A}"
EndProject
Project("{FAE04EC0-301F-11D3-BF4B-00C04F79EFBC}") = "PhotonChat", "PhotonChat.csproj", "{069BC516-2485-5FFA-5B9A-E89B4642FFA3}"
EndProject
Project("{FAE04EC0-301F-11D3-BF4B-00C04F79EFBC}") = "ToonyColorsPro.Runtime", "ToonyColorsPro.Runtime.csproj", "{F3D512A0-5082-0BC0-656C-4CDBAC6DAB3A}"
EndProject
Project("{FAE04EC0-301F-11D3-BF4B-00C04F79EFBC}") = "PhotonUnityNetworking", "PhotonUnityNetworking.csproj", "{7C51ABE8-3838-9656-E627-D4A202323DFD}"
EndProject
Project("{FAE04EC0-301F-11D3-BF4B-00C04F79EFBC}") = "ToonyColorsPro2.Demo", "ToonyColorsPro2.Demo.csproj", "{F4834F9B-F430-6206-0CE0-AD39801C6049}"
EndProject
Project("{FAE04EC0-301F-11D3-BF4B-00C04F79EFBC}") = "PhotonRealtime", "PhotonRealtime.csproj", "{1E560A67-F4D9-5A2B-26CF-D9C115671010}"
EndProject
Project("{FAE04EC0-301F-11D3-BF4B-00C04F79EFBC}") = "PhotonWebSocket", "PhotonWebSocket.csproj", "{7DDF071D-6FED-E5CE-7F83-6BD67FFE14C2}"
EndProject
Project("{FAE04EC0-301F-11D3-BF4B-00C04F79EFBC}") = "Assembly-CSharp-Editor", "Assembly-CSharp-Editor.csproj", "{1D072392-3750-BB02-0E00-63D852D0C3B0}"
EndProject
Project("{FAE04EC0-301F-11D3-BF4B-00C04F79EFBC}") = "ToonyColorsPro.Editor", "ToonyColorsPro.Editor.csproj", "{76555A88-A512-5617-5B28-5A0DFC88CA60}"
EndProject
Project("{FAE04EC0-301F-11D3-BF4B-00C04F79EFBC}") = "PlayFabEditorExtensions", "PlayFabEditorExtensions.csproj", "{33CD92C9-CB73-EB6D-76E0-1867CBCCEC62}"
EndProject
Project("{FAE04EC0-301F-11D3-BF4B-00C04F79EFBC}") = "PhotonUnityNetworking.Editor", "PhotonUnityNetworking.Editor.csproj", "{95C26831-3336-94F4-34D4-30BE54572773}"
EndProject
Project("{FAE04EC0-301F-11D3-BF4B-00C04F79EFBC}") = "PunDemos.DemoHubEditor", "PunDemos.DemoHubEditor.csproj", "{D772BA4C-7A51-A27F-0E6B-A86AB02E06AC}"
EndProject
Project("{FAE04EC0-301F-11D3-BF4B-00C04F79EFBC}") = "PhotonUnityNetworking.Utilities.PhotonPlayer.Editor", "PhotonUnityNetworking.Utilities.PhotonPlayer.Editor.csproj", "{F033DCD5-0E03-DC8F-C0F2-CC653F3180D7}"
EndProject
Project("{FAE04EC0-301F-11D3-BF4B-00C04F79EFBC}") = "PhotonUnityNetworking.Utilities.Culling.Editor", "PhotonUnityNetworking.Utilities.Culling.Editor.csproj", "{521C1DEC-0D24-A554-79C4-C638EA7E15C3}"
EndProject
Project("{FAE04EC0-301F-11D3-BF4B-00C04F79EFBC}") = "PunDemos.DemoSlotcarEditor", "PunDemos.DemoSlotcarEditor.csproj", "{E794960C-BC3E-3910-C8F9-F3DFDD6EDD74}"
EndProject
Project("{FAE04EC0-301F-11D3-BF4B-00C04F79EFBC}") = "PlayFabSDKEditor", "PlayFabSDKEditor.csproj", "{80C6C574-5210-078A-DD3D-A2C8A5F11FF9}"
EndProject
Global
	GlobalSection(SolutionConfigurationPlatforms) = preSolution
		Debug|Any CPU = Debug|Any CPU
		Release|Any CPU = Release|Any CPU
	EndGlobalSection
	GlobalSection(ProjectConfigurationPlatforms) = postSolution
		{117D13D2-EDC8-7A00-9F74-50564F65D476}.Debug|Any CPU.ActiveCfg = Debug|Any CPU
		{117D13D2-EDC8-7A00-9F74-50564F65D476}.Debug|Any CPU.Build.0 = Debug|Any CPU
		{117D13D2-EDC8-7A00-9F74-50564F65D476}.Release|Any CPU.ActiveCfg = Release|Any CPU
		{117D13D2-EDC8-7A00-9F74-50564F65D476}.Release|Any CPU.Build.0 = Release|Any CPU
		{A19A917C-99E4-47B6-CAF4-675D8B5A843E}.Debug|Any CPU.ActiveCfg = Debug|Any CPU
		{A19A917C-99E4-47B6-CAF4-675D8B5A843E}.Debug|Any CPU.Build.0 = Debug|Any CPU
		{A19A917C-99E4-47B6-CAF4-675D8B5A843E}.Release|Any CPU.ActiveCfg = Release|Any CPU
		{A19A917C-99E4-47B6-CAF4-675D8B5A843E}.Release|Any CPU.Build.0 = Release|Any CPU
		{39A32CAA-C38E-4D83-301E-7E0614B6168F}.Debug|Any CPU.ActiveCfg = Debug|Any CPU
		{39A32CAA-C38E-4D83-301E-7E0614B6168F}.Debug|Any CPU.Build.0 = Debug|Any CPU
		{39A32CAA-C38E-4D83-301E-7E0614B6168F}.Release|Any CPU.ActiveCfg = Release|Any CPU
		{39A32CAA-C38E-4D83-301E-7E0614B6168F}.Release|Any CPU.Build.0 = Release|Any CPU
		{0A91FF4B-CE88-4391-1F7E-8F14FCB8448A}.Debug|Any CPU.ActiveCfg = Debug|Any CPU
		{0A91FF4B-CE88-4391-1F7E-8F14FCB8448A}.Debug|Any CPU.Build.0 = Debug|Any CPU
		{0A91FF4B-CE88-4391-1F7E-8F14FCB8448A}.Release|Any CPU.ActiveCfg = Release|Any CPU
		{0A91FF4B-CE88-4391-1F7E-8F14FCB8448A}.Release|Any CPU.Build.0 = Release|Any CPU
		{069BC516-2485-5FFA-5B9A-E89B4642FFA3}.Debug|Any CPU.ActiveCfg = Debug|Any CPU
		{069BC516-2485-5FFA-5B9A-E89B4642FFA3}.Debug|Any CPU.Build.0 = Debug|Any CPU
		{069BC516-2485-5FFA-5B9A-E89B4642FFA3}.Release|Any CPU.ActiveCfg = Release|Any CPU
		{069BC516-2485-5FFA-5B9A-E89B4642FFA3}.Release|Any CPU.Build.0 = Release|Any CPU
		{F3D512A0-5082-0BC0-656C-4CDBAC6DAB3A}.Debug|Any CPU.ActiveCfg = Debug|Any CPU
		{F3D512A0-5082-0BC0-656C-4CDBAC6DAB3A}.Debug|Any CPU.Build.0 = Debug|Any CPU
		{F3D512A0-5082-0BC0-656C-4CDBAC6DAB3A}.Release|Any CPU.ActiveCfg = Release|Any CPU
		{F3D512A0-5082-0BC0-656C-4CDBAC6DAB3A}.Release|Any CPU.Build.0 = Release|Any CPU
		{7C51ABE8-3838-9656-E627-D4A202323DFD}.Debug|Any CPU.ActiveCfg = Debug|Any CPU
		{7C51ABE8-3838-9656-E627-D4A202323DFD}.Debug|Any CPU.Build.0 = Debug|Any CPU
		{7C51ABE8-3838-9656-E627-D4A202323DFD}.Release|Any CPU.ActiveCfg = Release|Any CPU
		{7C51ABE8-3838-9656-E627-D4A202323DFD}.Release|Any CPU.Build.0 = Release|Any CPU
		{F4834F9B-F430-6206-0CE0-AD39801C6049}.Debug|Any CPU.ActiveCfg = Debug|Any CPU
		{F4834F9B-F430-6206-0CE0-AD39801C6049}.Debug|Any CPU.Build.0 = Debug|Any CPU
		{F4834F9B-F430-6206-0CE0-AD39801C6049}.Release|Any CPU.ActiveCfg = Release|Any CPU
		{F4834F9B-F430-6206-0CE0-AD39801C6049}.Release|Any CPU.Build.0 = Release|Any CPU
		{1E560A67-F4D9-5A2B-26CF-D9C115671010}.Debug|Any CPU.ActiveCfg = Debug|Any CPU
		{1E560A67-F4D9-5A2B-26CF-D9C115671010}.Debug|Any CPU.Build.0 = Debug|Any CPU
		{1E560A67-F4D9-5A2B-26CF-D9C115671010}.Release|Any CPU.ActiveCfg = Release|Any CPU
		{1E560A67-F4D9-5A2B-26CF-D9C115671010}.Release|Any CPU.Build.0 = Release|Any CPU
		{7DDF071D-6FED-E5CE-7F83-6BD67FFE14C2}.Debug|Any CPU.ActiveCfg = Debug|Any CPU
		{7DDF071D-6FED-E5CE-7F83-6BD67FFE14C2}.Debug|Any CPU.Build.0 = Debug|Any CPU
		{7DDF071D-6FED-E5CE-7F83-6BD67FFE14C2}.Release|Any CPU.ActiveCfg = Release|Any CPU
		{7DDF071D-6FED-E5CE-7F83-6BD67FFE14C2}.Release|Any CPU.Build.0 = Release|Any CPU
		{1D072392-3750-BB02-0E00-63D852D0C3B0}.Debug|Any CPU.ActiveCfg = Debug|Any CPU
		{1D072392-3750-BB02-0E00-63D852D0C3B0}.Debug|Any CPU.Build.0 = Debug|Any CPU
		{1D072392-3750-BB02-0E00-63D852D0C3B0}.Release|Any CPU.ActiveCfg = Release|Any CPU
		{1D072392-3750-BB02-0E00-63D852D0C3B0}.Release|Any CPU.Build.0 = Release|Any CPU
		{76555A88-A512-5617-5B28-5A0DFC88CA60}.Debug|Any CPU.ActiveCfg = Debug|Any CPU
		{76555A88-A512-5617-5B28-5A0DFC88CA60}.Debug|Any CPU.Build.0 = Debug|Any CPU
		{76555A88-A512-5617-5B28-5A0DFC88CA60}.Release|Any CPU.ActiveCfg = Release|Any CPU
		{76555A88-A512-5617-5B28-5A0DFC88CA60}.Release|Any CPU.Build.0 = Release|Any CPU
		{33CD92C9-CB73-EB6D-76E0-1867CBCCEC62}.Debug|Any CPU.ActiveCfg = Debug|Any CPU
		{33CD92C9-CB73-EB6D-76E0-1867CBCCEC62}.Debug|Any CPU.Build.0 = Debug|Any CPU
		{33CD92C9-CB73-EB6D-76E0-1867CBCCEC62}.Release|Any CPU.ActiveCfg = Release|Any CPU
		{33CD92C9-CB73-EB6D-76E0-1867CBCCEC62}.Release|Any CPU.Build.0 = Release|Any CPU
		{95C26831-3336-94F4-34D4-30BE54572773}.Debug|Any CPU.ActiveCfg = Debug|Any CPU
		{95C26831-3336-94F4-34D4-30BE54572773}.Debug|Any CPU.Build.0 = Debug|Any CPU
		{95C26831-3336-94F4-34D4-30BE54572773}.Release|Any CPU.ActiveCfg = Release|Any CPU
		{95C26831-3336-94F4-34D4-30BE54572773}.Release|Any CPU.Build.0 = Release|Any CPU
		{D772BA4C-7A51-A27F-0E6B-A86AB02E06AC}.Debug|Any CPU.ActiveCfg = Debug|Any CPU
		{D772BA4C-7A51-A27F-0E6B-A86AB02E06AC}.Debug|Any CPU.Build.0 = Debug|Any CPU
		{D772BA4C-7A51-A27F-0E6B-A86AB02E06AC}.Release|Any CPU.ActiveCfg = Release|Any CPU
		{D772BA4C-7A51-A27F-0E6B-A86AB02E06AC}.Release|Any CPU.Build.0 = Release|Any CPU
		{F033DCD5-0E03-DC8F-C0F2-CC653F3180D7}.Debug|Any CPU.ActiveCfg = Debug|Any CPU
		{F033DCD5-0E03-DC8F-C0F2-CC653F3180D7}.Debug|Any CPU.Build.0 = Debug|Any CPU
		{F033DCD5-0E03-DC8F-C0F2-CC653F3180D7}.Release|Any CPU.ActiveCfg = Release|Any CPU
		{F033DCD5-0E03-DC8F-C0F2-CC653F3180D7}.Release|Any CPU.Build.0 = Release|Any CPU
		{521C1DEC-0D24-A554-79C4-C638EA7E15C3}.Debug|Any CPU.ActiveCfg = Debug|Any CPU
		{521C1DEC-0D24-A554-79C4-C638EA7E15C3}.Debug|Any CPU.Build.0 = Debug|Any CPU
		{521C1DEC-0D24-A554-79C4-C638EA7E15C3}.Release|Any CPU.ActiveCfg = Release|Any CPU
		{521C1DEC-0D24-A554-79C4-C638EA7E15C3}.Release|Any CPU.Build.0 = Release|Any CPU
		{E794960C-BC3E-3910-C8F9-F3DFDD6EDD74}.Debug|Any CPU.ActiveCfg = Debug|Any CPU
		{E794960C-BC3E-3910-C8F9-F3DFDD6EDD74}.Debug|Any CPU.Build.0 = Debug|Any CPU
		{E794960C-BC3E-3910-C8F9-F3DFDD6EDD74}.Release|Any CPU.ActiveCfg = Release|Any CPU
		{E794960C-BC3E-3910-C8F9-F3DFDD6EDD74}.Release|Any CPU.Build.0 = Release|Any CPU
		{80C6C574-5210-078A-DD3D-A2C8A5F11FF9}.Debug|Any CPU.ActiveCfg = Debug|Any CPU
		{80C6C574-5210-078A-DD3D-A2C8A5F11FF9}.Debug|Any CPU.Build.0 = Debug|Any CPU
		{80C6C574-5210-078A-DD3D-A2C8A5F11FF9}.Release|Any CPU.ActiveCfg = Release|Any CPU
		{80C6C574-5210-078A-DD3D-A2C8A5F11FF9}.Release|Any CPU.Build.0 = Release|Any CPU
	EndGlobalSection
	GlobalSection(SolutionProperties) = preSolution
		HideSolutionNode = FALSE
	EndGlobalSection
EndGlobal
